
Microsoft Visual Studio Solution File, Format Version 12.00
# Visual Studio Version 17
VisualStudioVersion = 17.8.34525.116
MinimumVisualStudioVersion = 10.0.40219.1
Project("{FAE04EC0-301F-11D3-BF4B-00C04F79EFBC}") = "OurGame2k", "OurGame2k\OurGame2k.csproj", "{32CA9427-61C4-43C8-BF72-99149B9F649C}"
EndProject
Global
	GlobalSection(SolutionConfigurationPlatforms) = preSolution
		Debug|Any CPU = Debug|Any CPU
		Release|Any CPU = Release|Any CPU
	EndGlobalSection
	GlobalSection(ProjectConfigurationPlatforms) = postSolution
		{32CA9427-61C4-43C8-BF72-99149B9F649C}.Debug|Any CPU.ActiveCfg = Debug|Any CPU
		{32CA9427-61C4-43C8-BF72-99149B9F649C}.Debug|Any CPU.Build.0 = Debug|Any CPU
		{32CA9427-61C4-43C8-BF72-99149B9F649C}.Release|Any CPU.ActiveCfg = Release|Any CPU
		{32CA9427-61C4-43C8-BF72-99149B9F649C}.Release|Any CPU.Build.0 = Release|Any CPU
	EndGlobalSection
	GlobalSection(SolutionProperties) = preSolution
		HideSolutionNode = FALSE
	EndGlobalSection
	GlobalSection(ExtensibilityGlobals) = postSolution
		SolutionGuid = {90C9CFE2-2C1E-4E53-B20F-9C37AB269480}
	EndGlobalSection
EndGlobal
